
Microsoft Visual Studio Solution File, Format Version 12.00
# Visual Studio Version 17
VisualStudioVersion = 17.3.32811.315
MinimumVisualStudioVersion = 10.0.40219.1
Project("{FAE04EC0-301F-11D3-BF4B-00C04F79EFBC}") = "WebAppHotel", "WebAppHotel\WebAppHotel.csproj", "{93DCFB72-3D35-44D2-897C-66B309445240}"
EndProject
Global
	GlobalSection(SolutionConfigurationPlatforms) = preSolution
		Debug|Any CPU = Debug|Any CPU
		Release|Any CPU = Release|Any CPU
	EndGlobalSection
	GlobalSection(ProjectConfigurationPlatforms) = postSolution
		{93DCFB72-3D35-44D2-897C-66B309445240}.Debug|Any CPU.ActiveCfg = Debug|Any CPU
		{93DCFB72-3D35-44D2-897C-66B309445240}.Debug|Any CPU.Build.0 = Debug|Any CPU
		{93DCFB72-3D35-44D2-897C-66B309445240}.Release|Any CPU.ActiveCfg = Release|Any CPU
		{93DCFB72-3D35-44D2-897C-66B309445240}.Release|Any CPU.Build.0 = Release|Any CPU
	EndGlobalSection
	GlobalSection(SolutionProperties) = preSolution
		HideSolutionNode = FALSE
	EndGlobalSection
	GlobalSection(ExtensibilityGlobals) = postSolution
		SolutionGuid = {6B2326AE-892A-4CF3-B7E6-A5BA3B52B691}
	EndGlobalSection
EndGlobal
